
Microsoft Visual Studio Solution File, Format Version 12.00
# Visual Studio Version 16
VisualStudioVersion = 16.0.29709.97
MinimumVisualStudioVersion = 10.0.40219.1
Project("{FAE04EC0-301F-11D3-BF4B-00C04F79EFBC}") = "Poll.Business", "src\Poll.Business\Poll.Business.csproj", "{B40AC1C7-9C2E-41A6-85AE-3E425568EC70}"
EndProject
Project("{FAE04EC0-301F-11D3-BF4B-00C04F79EFBC}") = "Poll.Data", "src\Poll.Data\Poll.Data.csproj", "{1D3D3193-F1EA-4C84-8102-A05770B90859}"
EndProject
Project("{FAE04EC0-301F-11D3-BF4B-00C04F79EFBC}") = "Poll.Api", "src\Poll.Api\Poll.Api.csproj", "{394BF6E8-D693-4E7D-A17B-D6A2857847EB}"
EndProject
Global
	GlobalSection(SolutionConfigurationPlatforms) = preSolution
		Debug|Any CPU = Debug|Any CPU
		Release|Any CPU = Release|Any CPU
	EndGlobalSection
	GlobalSection(ProjectConfigurationPlatforms) = postSolution
		{B40AC1C7-9C2E-41A6-85AE-3E425568EC70}.Debug|Any CPU.ActiveCfg = Debug|Any CPU
		{B40AC1C7-9C2E-41A6-85AE-3E425568EC70}.Debug|Any CPU.Build.0 = Debug|Any CPU
		{B40AC1C7-9C2E-41A6-85AE-3E425568EC70}.Release|Any CPU.ActiveCfg = Release|Any CPU
		{B40AC1C7-9C2E-41A6-85AE-3E425568EC70}.Release|Any CPU.Build.0 = Release|Any CPU
		{1D3D3193-F1EA-4C84-8102-A05770B90859}.Debug|Any CPU.ActiveCfg = Debug|Any CPU
		{1D3D3193-F1EA-4C84-8102-A05770B90859}.Debug|Any CPU.Build.0 = Debug|Any CPU
		{1D3D3193-F1EA-4C84-8102-A05770B90859}.Release|Any CPU.ActiveCfg = Release|Any CPU
		{1D3D3193-F1EA-4C84-8102-A05770B90859}.Release|Any CPU.Build.0 = Release|Any CPU
		{394BF6E8-D693-4E7D-A17B-D6A2857847EB}.Debug|Any CPU.ActiveCfg = Debug|Any CPU
		{394BF6E8-D693-4E7D-A17B-D6A2857847EB}.Debug|Any CPU.Build.0 = Debug|Any CPU
		{394BF6E8-D693-4E7D-A17B-D6A2857847EB}.Release|Any CPU.ActiveCfg = Release|Any CPU
		{394BF6E8-D693-4E7D-A17B-D6A2857847EB}.Release|Any CPU.Build.0 = Release|Any CPU
	EndGlobalSection
	GlobalSection(SolutionProperties) = preSolution
		HideSolutionNode = FALSE
	EndGlobalSection
	GlobalSection(ExtensibilityGlobals) = postSolution
		SolutionGuid = {59C20B79-ED8F-4AEC-9267-01CD63F72AA8}
	EndGlobalSection
EndGlobal
